Microsoft Visual Studio Solution File, Format Version 12.00
# Visual Studio Version 17
VisualStudioVersion = 17.14.35906.104 d17.14
MinimumVisualStudioVersion = 10.0.40219.1
Project("{FAE04EC0-301F-11D3-BF4B-00C04F79EFBC}") = "AspireWithJavaScript.AppHost", "AspireWithJavaScript.AppHost\AspireWithJavaScript.AppHost.csproj", "{3620320A-58AA-4E6A-9EED-9EDE4208F23E}"
EndProject
Project("{FAE04EC0-301F-11D3-BF4B-00C04F79EFBC}") = "AspireWithJavaScript.ServiceDefaults", "AspireWithJavaScript.ServiceDefaults\AspireWithJavaScript.ServiceDefaults.csproj", "{654B92BD-38DF-5350-782B-774CCD50DEA4}"
EndProject
Project("{FAE04EC0-301F-11D3-BF4B-00C04F79EFBC}") = "AspireWithJavaScript.ApiService", "AspireWithJavaScript.ApiService\AspireWithJavaScript.ApiService.csproj", "{39DEB61E-E69E-1BB3-330A-06994929DA48}"
EndProject
Project("{FAE04EC0-301F-11D3-BF4B-00C04F79EFBC}") = "AspireWithJavaScript.Web", "AspireWithJavaScript.Web\AspireWithJavaScript.Web.csproj", "{A5AE414A-A109-5DDB-31C4-2741DB8B3533}"
EndProject
Global
	GlobalSection(SolutionConfigurationPlatforms) = preSolution
		Debug|Any CPU = Debug|Any CPU
		Release|Any CPU = Release|Any CPU
	EndGlobalSection
	GlobalSection(ProjectConfigurationPlatforms) = postSolution
		{3620320A-58AA-4E6A-9EED-9EDE4208F23E}.Debug|Any CPU.ActiveCfg = Debug|Any CPU
		{3620320A-58AA-4E6A-9EED-9EDE4208F23E}.Debug|Any CPU.Build.0 = Debug|Any CPU
		{3620320A-58AA-4E6A-9EED-9EDE4208F23E}.Release|Any CPU.ActiveCfg = Release|Any CPU
		{3620320A-58AA-4E6A-9EED-9EDE4208F23E}.Release|Any CPU.Build.0 = Release|Any CPU
		{654B92BD-38DF-5350-782B-774CCD50DEA4}.Debug|Any CPU.ActiveCfg = Debug|Any CPU
		{654B92BD-38DF-5350-782B-774CCD50DEA4}.Debug|Any CPU.Build.0 = Debug|Any CPU
		{654B92BD-38DF-5350-782B-774CCD50DEA4}.Release|Any CPU.ActiveCfg = Release|Any CPU
		{654B92BD-38DF-5350-782B-774CCD50DEA4}.Release|Any CPU.Build.0 = Release|Any CPU
		{39DEB61E-E69E-1BB3-330A-06994929DA48}.Debug|Any CPU.ActiveCfg = Debug|Any CPU
		{39DEB61E-E69E-1BB3-330A-06994929DA48}.Debug|Any CPU.Build.0 = Debug|Any CPU
		{39DEB61E-E69E-1BB3-330A-06994929DA48}.Release|Any CPU.ActiveCfg = Release|Any CPU
		{39DEB61E-E69E-1BB3-330A-06994929DA48}.Release|Any CPU.Build.0 = Release|Any CPU
		{A5AE414A-A109-5DDB-31C4-2741DB8B3533}.Debug|Any CPU.ActiveCfg = Debug|Any CPU
		{A5AE414A-A109-5DDB-31C4-2741DB8B3533}.Debug|Any CPU.Build.0 = Debug|Any CPU
		{A5AE414A-A109-5DDB-31C4-2741DB8B3533}.Release|Any CPU.ActiveCfg = Release|Any CPU
		{A5AE414A-A109-5DDB-31C4-2741DB8B3533}.Release|Any CPU.Build.0 = Release|Any CPU
	EndGlobalSection
	GlobalSection(SolutionProperties) = preSolution
		HideSolutionNode = FALSE
	EndGlobalSection
	GlobalSection(ExtensibilityGlobals) = postSolution
		SolutionGuid = {0C702989-E862-44A1-B31C-D1D769EEDADC}
	EndGlobalSection
EndGlobal
